
Microsoft Visual Studio Solution File, Format Version 12.00
# Visual Studio Version 18
VisualStudioVersion = 18.0.11201.2 d18.0
MinimumVisualStudioVersion = 10.0.40219.1
Project("{FAE04EC0-301F-11D3-BF4B-00C04F79EFBC}") = "Schedora.WebApi", "src\backend\Schedora.WebApi\Schedora.WebApi.csproj", "{A7461543-9A68-44C4-A9E3-F014F5CA36E4}"
EndProject
Project("{FAE04EC0-301F-11D3-BF4B-00C04F79EFBC}") = "Schedora.Application", "src\backend\Schedora.Application\Schedora.Application.csproj", "{A7257F6F-6173-4A40-B605-54A2C55C0728}"
EndProject
Project("{FAE04EC0-301F-11D3-BF4B-00C04F79EFBC}") = "Schedora.Infrastructure", "src\backend\Schedora.Infrastructure\Schedora.Infrastructure.csproj", "{A73E6790-18AD-4570-8915-F5765F0A8684}"
	ProjectSection(ProjectDependencies) = postProject
		{33185FBF-19A4-4A99-B2D2-84965CCD929B} = {33185FBF-19A4-4A99-B2D2-84965CCD929B}
	EndProjectSection
EndProject
Project("{FAE04EC0-301F-11D3-BF4B-00C04F79EFBC}") = "Schedora.Domain", "src\backend\Schedora.Domain\Schedora.Domain.csproj", "{33185FBF-19A4-4A99-B2D2-84965CCD929B}"
EndProject
Project("{E53339B2-1760-4266-BCC7-CA923CBCF16C}") = "docker-compose", "docker-compose.dcproj", "{81DDED9D-158B-E303-5F62-77A2896D2A5A}"
EndProject
Project("{2150E333-8FDC-42A3-9474-1A3956D46DE8}") = "tests", "tests", "{E2FA76BA-9418-4BC2-B796-D27E4D354783}"
EndProject
Project("{FAE04EC0-301F-11D3-BF4B-00C04F79EFBC}") = "Schedora.UnitTests", "src\backend\tests\Schedora.UnitTests\Schedora.UnitTests.csproj", "{34F0ADE9-B1BA-4D91-8D46-68DA84EAC1F6}"
	ProjectSection(ProjectDependencies) = postProject
		{33185FBF-19A4-4A99-B2D2-84965CCD929B} = {33185FBF-19A4-4A99-B2D2-84965CCD929B}
		{A7257F6F-6173-4A40-B605-54A2C55C0728} = {A7257F6F-6173-4A40-B605-54A2C55C0728}
	EndProjectSection
EndProject
Project("{FAE04EC0-301F-11D3-BF4B-00C04F79EFBC}") = "Schedora.IntegrationTests", "src\backend\tests\Schedora.IntegrationTests\Schedora.IntegrationTests.csproj", "{603CB0A9-2CEA-48B9-9A09-708C7426E232}"
EndProject
Project("{FAE04EC0-301F-11D3-BF4B-00C04F79EFBC}") = "Schedora.Workers", "src\backend\Schedora.Workers\Schedora.Workers.csproj", "{D127A01C-655F-42E1-991D-37025D3AC8C9}"
EndProject
Global
	GlobalSection(SolutionConfigurationPlatforms) = preSolution
		Debug|Any CPU = Debug|Any CPU
		Release|Any CPU = Release|Any CPU
	EndGlobalSection
	GlobalSection(ProjectConfigurationPlatforms) = postSolution
		{A7461543-9A68-44C4-A9E3-F014F5CA36E4}.Debug|Any CPU.ActiveCfg = Debug|Any CPU
		{A7461543-9A68-44C4-A9E3-F014F5CA36E4}.Debug|Any CPU.Build.0 = Debug|Any CPU
		{A7461543-9A68-44C4-A9E3-F014F5CA36E4}.Release|Any CPU.ActiveCfg = Release|Any CPU
		{A7461543-9A68-44C4-A9E3-F014F5CA36E4}.Release|Any CPU.Build.0 = Release|Any CPU
		{A7257F6F-6173-4A40-B605-54A2C55C0728}.Debug|Any CPU.ActiveCfg = Debug|Any CPU
		{A7257F6F-6173-4A40-B605-54A2C55C0728}.Debug|Any CPU.Build.0 = Debug|Any CPU
		{A7257F6F-6173-4A40-B605-54A2C55C0728}.Release|Any CPU.ActiveCfg = Release|Any CPU
		{A7257F6F-6173-4A40-B605-54A2C55C0728}.Release|Any CPU.Build.0 = Release|Any CPU
		{A73E6790-18AD-4570-8915-F5765F0A8684}.Debug|Any CPU.ActiveCfg = Debug|Any CPU
		{A73E6790-18AD-4570-8915-F5765F0A8684}.Debug|Any CPU.Build.0 = Debug|Any CPU
		{A73E6790-18AD-4570-8915-F5765F0A8684}.Release|Any CPU.ActiveCfg = Release|Any CPU
		{A73E6790-18AD-4570-8915-F5765F0A8684}.Release|Any CPU.Build.0 = Release|Any CPU
		{33185FBF-19A4-4A99-B2D2-84965CCD929B}.Debug|Any CPU.ActiveCfg = Debug|Any CPU
		{33185FBF-19A4-4A99-B2D2-84965CCD929B}.Debug|Any CPU.Build.0 = Debug|Any CPU
		{33185FBF-19A4-4A99-B2D2-84965CCD929B}.Release|Any CPU.ActiveCfg = Release|Any CPU
		{33185FBF-19A4-4A99-B2D2-84965CCD929B}.Release|Any CPU.Build.0 = Release|Any CPU
		{81DDED9D-158B-E303-5F62-77A2896D2A5A}.Debug|Any CPU.ActiveCfg = Debug|Any CPU
		{81DDED9D-158B-E303-5F62-77A2896D2A5A}.Debug|Any CPU.Build.0 = Debug|Any CPU
		{81DDED9D-158B-E303-5F62-77A2896D2A5A}.Release|Any CPU.ActiveCfg = Release|Any CPU
		{81DDED9D-158B-E303-5F62-77A2896D2A5A}.Release|Any CPU.Build.0 = Release|Any CPU
		{34F0ADE9-B1BA-4D91-8D46-68DA84EAC1F6}.Debug|Any CPU.ActiveCfg = Debug|Any CPU
		{34F0ADE9-B1BA-4D91-8D46-68DA84EAC1F6}.Debug|Any CPU.Build.0 = Debug|Any CPU
		{34F0ADE9-B1BA-4D91-8D46-68DA84EAC1F6}.Release|Any CPU.ActiveCfg = Release|Any CPU
		{34F0ADE9-B1BA-4D91-8D46-68DA84EAC1F6}.Release|Any CPU.Build.0 = Release|Any CPU
		{603CB0A9-2CEA-48B9-9A09-708C7426E232}.Debug|Any CPU.ActiveCfg = Debug|Any CPU
		{603CB0A9-2CEA-48B9-9A09-708C7426E232}.Debug|Any CPU.Build.0 = Debug|Any CPU
		{603CB0A9-2CEA-48B9-9A09-708C7426E232}.Release|Any CPU.ActiveCfg = Release|Any CPU
		{603CB0A9-2CEA-48B9-9A09-708C7426E232}.Release|Any CPU.Build.0 = Release|Any CPU
		{D127A01C-655F-42E1-991D-37025D3AC8C9}.Debug|Any CPU.ActiveCfg = Debug|Any CPU
		{D127A01C-655F-42E1-991D-37025D3AC8C9}.Debug|Any CPU.Build.0 = Debug|Any CPU
		{D127A01C-655F-42E1-991D-37025D3AC8C9}.Release|Any CPU.ActiveCfg = Release|Any CPU
		{D127A01C-655F-42E1-991D-37025D3AC8C9}.Release|Any CPU.Build.0 = Release|Any CPU
	EndGlobalSection
	GlobalSection(SolutionProperties) = preSolution
		HideSolutionNode = FALSE
	EndGlobalSection
	GlobalSection(NestedProjects) = preSolution
		{34F0ADE9-B1BA-4D91-8D46-68DA84EAC1F6} = {E2FA76BA-9418-4BC2-B796-D27E4D354783}
		{603CB0A9-2CEA-48B9-9A09-708C7426E232} = {E2FA76BA-9418-4BC2-B796-D27E4D354783}
	EndGlobalSection
EndGlobal
